
Microsoft Visual Studio Solution File, Format Version 12.00
# Visual Studio Version 17
VisualStudioVersion = 17.8.34330.188
MinimumVisualStudioVersion = 10.0.40219.1
Project("{FAE04EC0-301F-11D3-BF4B-00C04F79EFBC}") = "FlightTicketBookingSystem", "FlightTicketBookingSystem\FlightTicketBookingSystem.csproj", "{3BE42C0B-612F-4EE1-B707-6876919F4420}"
EndProject
Global
	GlobalSection(SolutionConfigurationPlatforms) = preSolution
		Debug|Any CPU = Debug|Any CPU
		Release|Any CPU = Release|Any CPU
	EndGlobalSection
	GlobalSection(ProjectConfigurationPlatforms) = postSolution
		{3BE42C0B-612F-4EE1-B707-6876919F4420}.Debug|Any CPU.ActiveCfg = Debug|Any CPU
		{3BE42C0B-612F-4EE1-B707-6876919F4420}.Debug|Any CPU.Build.0 = Debug|Any CPU
		{3BE42C0B-612F-4EE1-B707-6876919F4420}.Release|Any CPU.ActiveCfg = Release|Any CPU
		{3BE42C0B-612F-4EE1-B707-6876919F4420}.Release|Any CPU.Build.0 = Release|Any CPU
	EndGlobalSection
	GlobalSection(SolutionProperties) = preSolution
		HideSolutionNode = FALSE
	EndGlobalSection
	GlobalSection(ExtensibilityGlobals) = postSolution
		SolutionGuid = {AEF20693-CBDF-4D11-BDB0-DF4DE0DFD625}
	EndGlobalSection
EndGlobal
