
Microsoft Visual Studio Solution File, Format Version 12.00
# Visual Studio Version 17
VisualStudioVersion = 17.8.34330.188
MinimumVisualStudioVersion = 10.0.40219.1
Project("{9A19103F-16F7-4668-BE54-9A1E7A4F7556}") = "StudentInfo", "StudentInfo\StudentInfo.csproj", "{B3750D48-80F3-4678-8150-EDBED9BA611B}"
EndProject
Project("{9A19103F-16F7-4668-BE54-9A1E7A4F7556}") = "DataAccessLayer", "DataAccessLayer\DataAccessLayer.csproj", "{CDFC53CE-D489-4B03-95C9-56B69356D7DE}"
EndProject
Project("{9A19103F-16F7-4668-BE54-9A1E7A4F7556}") = "BuissnessLayer", "BuissnessLayer\BuissnessLayer.csproj", "{2E3A78E7-EB49-4E2B-ACF6-F7FA7BADD6D0}"
EndProject
Global
	GlobalSection(SolutionConfigurationPlatforms) = preSolution
		Debug|Any CPU = Debug|Any CPU
		Release|Any CPU = Release|Any CPU
	EndGlobalSection
	GlobalSection(ProjectConfigurationPlatforms) = postSolution
		{B3750D48-80F3-4678-8150-EDBED9BA611B}.Debug|Any CPU.ActiveCfg = Debug|Any CPU
		{B3750D48-80F3-4678-8150-EDBED9BA611B}.Debug|Any CPU.Build.0 = Debug|Any CPU
		{B3750D48-80F3-4678-8150-EDBED9BA611B}.Release|Any CPU.ActiveCfg = Release|Any CPU
		{B3750D48-80F3-4678-8150-EDBED9BA611B}.Release|Any CPU.Build.0 = Release|Any CPU
		{CDFC53CE-D489-4B03-95C9-56B69356D7DE}.Debug|Any CPU.ActiveCfg = Debug|Any CPU
		{CDFC53CE-D489-4B03-95C9-56B69356D7DE}.Debug|Any CPU.Build.0 = Debug|Any CPU
		{CDFC53CE-D489-4B03-95C9-56B69356D7DE}.Release|Any CPU.ActiveCfg = Release|Any CPU
		{CDFC53CE-D489-4B03-95C9-56B69356D7DE}.Release|Any CPU.Build.0 = Release|Any CPU
		{2E3A78E7-EB49-4E2B-ACF6-F7FA7BADD6D0}.Debug|Any CPU.ActiveCfg = Debug|Any CPU
		{2E3A78E7-EB49-4E2B-ACF6-F7FA7BADD6D0}.Debug|Any CPU.Build.0 = Debug|Any CPU
		{2E3A78E7-EB49-4E2B-ACF6-F7FA7BADD6D0}.Release|Any CPU.ActiveCfg = Release|Any CPU
		{2E3A78E7-EB49-4E2B-ACF6-F7FA7BADD6D0}.Release|Any CPU.Build.0 = Release|Any CPU
	EndGlobalSection
	GlobalSection(SolutionProperties) = preSolution
		HideSolutionNode = FALSE
	EndGlobalSection
	GlobalSection(ExtensibilityGlobals) = postSolution
		SolutionGuid = {EE3683D5-4A61-4D5C-8A6E-64A0882E217A}
	EndGlobalSection
EndGlobal
