
Microsoft Visual Studio Solution File, Format Version 12.00
# Visual Studio Version 17
VisualStudioVersion = 17.8.34330.188
MinimumVisualStudioVersion = 10.0.40219.1
Project("{FAE04EC0-301F-11D3-BF4B-00C04F79EFBC}") = "Blog_Application", "Blog_Application\Blog_Application.csproj", "{CA418EFF-8ACF-4D2B-B460-281A1FB33106}"
EndProject
Global
	GlobalSection(SolutionConfigurationPlatforms) = preSolution
		Debug|Any CPU = Debug|Any CPU
		Release|Any CPU = Release|Any CPU
	EndGlobalSection
	GlobalSection(ProjectConfigurationPlatforms) = postSolution
		{CA418EFF-8ACF-4D2B-B460-281A1FB33106}.Debug|Any CPU.ActiveCfg = Debug|Any CPU
		{CA418EFF-8ACF-4D2B-B460-281A1FB33106}.Debug|Any CPU.Build.0 = Debug|Any CPU
		{CA418EFF-8ACF-4D2B-B460-281A1FB33106}.Release|Any CPU.ActiveCfg = Release|Any CPU
		{CA418EFF-8ACF-4D2B-B460-281A1FB33106}.Release|Any CPU.Build.0 = Release|Any CPU
	EndGlobalSection
	GlobalSection(SolutionProperties) = preSolution
		HideSolutionNode = FALSE
	EndGlobalSection
	GlobalSection(ExtensibilityGlobals) = postSolution
		SolutionGuid = {35CA2FF3-AC6F-4A9F-A32B-85266B4E2E82}
	EndGlobalSection
EndGlobal
