
Microsoft Visual Studio Solution File, Format Version 12.00
# Visual Studio Version 17
VisualStudioVersion = 17.7.34221.43
MinimumVisualStudioVersion = 10.0.40219.1
Project("{FAE04EC0-301F-11D3-BF4B-00C04F79EFBC}") = "listviewTraveler", "listviewTraveler\listviewTraveler.csproj", "{724C4E7A-504B-4C1C-8737-B606F8D456A9}"
EndProject
Global
	GlobalSection(SolutionConfigurationPlatforms) = preSolution
		Debug|Any CPU = Debug|Any CPU
		Release|Any CPU = Release|Any CPU
	EndGlobalSection
	GlobalSection(ProjectConfigurationPlatforms) = postSolution
		{724C4E7A-504B-4C1C-8737-B606F8D456A9}.Debug|Any CPU.ActiveCfg = Debug|Any CPU
		{724C4E7A-504B-4C1C-8737-B606F8D456A9}.Debug|Any CPU.Build.0 = Debug|Any CPU
		{724C4E7A-504B-4C1C-8737-B606F8D456A9}.Release|Any CPU.ActiveCfg = Release|Any CPU
		{724C4E7A-504B-4C1C-8737-B606F8D456A9}.Release|Any CPU.Build.0 = Release|Any CPU
	EndGlobalSection
	GlobalSection(SolutionProperties) = preSolution
		HideSolutionNode = FALSE
	EndGlobalSection
	GlobalSection(ExtensibilityGlobals) = postSolution
		SolutionGuid = {CC63280F-8CA9-4952-8D24-8C3FE3C71C33}
	EndGlobalSection
EndGlobal
