
Microsoft Visual Studio Solution File, Format Version 12.00
# Visual Studio Version 17
VisualStudioVersion = 17.7.34221.43
MinimumVisualStudioVersion = 10.0.40219.1
Project("{FAE04EC0-301F-11D3-BF4B-00C04F79EFBC}") = "grid", "grid\grid.csproj", "{637EDFE4-890D-45AB-8211-3D718595217E}"
EndProject
Global
	GlobalSection(SolutionConfigurationPlatforms) = preSolution
		Debug|Any CPU = Debug|Any CPU
		Release|Any CPU = Release|Any CPU
	EndGlobalSection
	GlobalSection(ProjectConfigurationPlatforms) = postSolution
		{637EDFE4-890D-45AB-8211-3D718595217E}.Debug|Any CPU.ActiveCfg = Debug|Any CPU
		{637EDFE4-890D-45AB-8211-3D718595217E}.Debug|Any CPU.Build.0 = Debug|Any CPU
		{637EDFE4-890D-45AB-8211-3D718595217E}.Release|Any CPU.ActiveCfg = Release|Any CPU
		{637EDFE4-890D-45AB-8211-3D718595217E}.Release|Any CPU.Build.0 = Release|Any CPU
	EndGlobalSection
	GlobalSection(SolutionProperties) = preSolution
		HideSolutionNode = FALSE
	EndGlobalSection
	GlobalSection(ExtensibilityGlobals) = postSolution
		SolutionGuid = {368DBC80-E88E-411A-A4C6-E390580271ED}
	EndGlobalSection
EndGlobal
