
Microsoft Visual Studio Solution File, Format Version 12.00
# Visual Studio Version 17
VisualStudioVersion = 17.7.34221.43
MinimumVisualStudioVersion = 10.0.40219.1
Project("{FAE04EC0-301F-11D3-BF4B-00C04F79EFBC}") = "Entityframeworks", "Entityframeworks\Entityframeworks.csproj", "{87388BCB-59BF-49DD-8AB2-A143DDE24567}"
EndProject
Global
	GlobalSection(SolutionConfigurationPlatforms) = preSolution
		Debug|Any CPU = Debug|Any CPU
		Release|Any CPU = Release|Any CPU
	EndGlobalSection
	GlobalSection(ProjectConfigurationPlatforms) = postSolution
		{87388BCB-59BF-49DD-8AB2-A143DDE24567}.Debug|Any CPU.ActiveCfg = Debug|Any CPU
		{87388BCB-59BF-49DD-8AB2-A143DDE24567}.Debug|Any CPU.Build.0 = Debug|Any CPU
		{87388BCB-59BF-49DD-8AB2-A143DDE24567}.Release|Any CPU.ActiveCfg = Release|Any CPU
		{87388BCB-59BF-49DD-8AB2-A143DDE24567}.Release|Any CPU.Build.0 = Release|Any CPU
	EndGlobalSection
	GlobalSection(SolutionProperties) = preSolution
		HideSolutionNode = FALSE
	EndGlobalSection
	GlobalSection(ExtensibilityGlobals) = postSolution
		SolutionGuid = {EF39DCA7-56E6-4422-A3AE-2D6669B5AF87}
	EndGlobalSection
EndGlobal
