
Microsoft Visual Studio Solution File, Format Version 12.00
# Visual Studio Version 17
VisualStudioVersion = 17.8.34330.188
MinimumVisualStudioVersion = 10.0.40219.1
Project("{9A19103F-16F7-4668-BE54-9A1E7A4F7556}") = "Test_ApiProject", "jsonapi\Test_ApiProject.csproj", "{001F9703-894E-4285-8F03-AB1080C37A43}"
EndProject
Global
	GlobalSection(SolutionConfigurationPlatforms) = preSolution
		Debug|Any CPU = Debug|Any CPU
		Release|Any CPU = Release|Any CPU
	EndGlobalSection
	GlobalSection(ProjectConfigurationPlatforms) = postSolution
		{001F9703-894E-4285-8F03-AB1080C37A43}.Debug|Any CPU.ActiveCfg = Debug|Any CPU
		{001F9703-894E-4285-8F03-AB1080C37A43}.Debug|Any CPU.Build.0 = Debug|Any CPU
		{001F9703-894E-4285-8F03-AB1080C37A43}.Release|Any CPU.ActiveCfg = Release|Any CPU
		{001F9703-894E-4285-8F03-AB1080C37A43}.Release|Any CPU.Build.0 = Release|Any CPU
	EndGlobalSection
	GlobalSection(SolutionProperties) = preSolution
		HideSolutionNode = FALSE
	EndGlobalSection
	GlobalSection(ExtensibilityGlobals) = postSolution
		SolutionGuid = {F5DC1955-702D-4E67-9BB4-FAC9970796D4}
	EndGlobalSection
EndGlobal
