
Microsoft Visual Studio Solution File, Format Version 12.00
# Visual Studio Version 17
VisualStudioVersion = 17.8.34330.188
MinimumVisualStudioVersion = 10.0.40219.1
Project("{FAE04EC0-301F-11D3-BF4B-00C04F79EFBC}") = "JsGridProject", "JsGridProject\JsGridProject.csproj", "{F4C315A2-20EF-4C67-B869-F0EB677AF08D}"
EndProject
Global
	GlobalSection(SolutionConfigurationPlatforms) = preSolution
		Debug|Any CPU = Debug|Any CPU
		Release|Any CPU = Release|Any CPU
	EndGlobalSection
	GlobalSection(ProjectConfigurationPlatforms) = postSolution
		{F4C315A2-20EF-4C67-B869-F0EB677AF08D}.Debug|Any CPU.ActiveCfg = Debug|Any CPU
		{F4C315A2-20EF-4C67-B869-F0EB677AF08D}.Debug|Any CPU.Build.0 = Debug|Any CPU
		{F4C315A2-20EF-4C67-B869-F0EB677AF08D}.Release|Any CPU.ActiveCfg = Release|Any CPU
		{F4C315A2-20EF-4C67-B869-F0EB677AF08D}.Release|Any CPU.Build.0 = Release|Any CPU
	EndGlobalSection
	GlobalSection(SolutionProperties) = preSolution
		HideSolutionNode = FALSE
	EndGlobalSection
	GlobalSection(ExtensibilityGlobals) = postSolution
		SolutionGuid = {053EA0B7-CBD8-4820-8AB9-68AA04E67757}
	EndGlobalSection
EndGlobal
