
Microsoft Visual Studio Solution File, Format Version 12.00
# Visual Studio Version 17
VisualStudioVersion = 17.7.34221.43
MinimumVisualStudioVersion = 10.0.40219.1
Project("{FAE04EC0-301F-11D3-BF4B-00C04F79EFBC}") = "jquery_ragistration_form", "jquery_ragistration_form\jquery_ragistration_form.csproj", "{30AEA643-0FB1-48E1-93B2-88703C8EFB13}"
EndProject
Global
	GlobalSection(SolutionConfigurationPlatforms) = preSolution
		Debug|Any CPU = Debug|Any CPU
		Release|Any CPU = Release|Any CPU
	EndGlobalSection
	GlobalSection(ProjectConfigurationPlatforms) = postSolution
		{30AEA643-0FB1-48E1-93B2-88703C8EFB13}.Debug|Any CPU.ActiveCfg = Debug|Any CPU
		{30AEA643-0FB1-48E1-93B2-88703C8EFB13}.Debug|Any CPU.Build.0 = Debug|Any CPU
		{30AEA643-0FB1-48E1-93B2-88703C8EFB13}.Release|Any CPU.ActiveCfg = Release|Any CPU
		{30AEA643-0FB1-48E1-93B2-88703C8EFB13}.Release|Any CPU.Build.0 = Release|Any CPU
	EndGlobalSection
	GlobalSection(SolutionProperties) = preSolution
		HideSolutionNode = FALSE
	EndGlobalSection
	GlobalSection(ExtensibilityGlobals) = postSolution
		SolutionGuid = {EDFC87EA-4059-41B3-AF31-CFBEB33FF45F}
	EndGlobalSection
EndGlobal
