
Microsoft Visual Studio Solution File, Format Version 12.00
# Visual Studio Version 17
VisualStudioVersion = 17.8.34330.188
MinimumVisualStudioVersion = 10.0.40219.1
Project("{FAE04EC0-301F-11D3-BF4B-00C04F79EFBC}") = "CarWebApiProject", "CarWebApiProject\CarWebApiProject.csproj", "{46D05A75-F7C4-4908-BCF3-E264C61E4F40}"
EndProject
Global
	GlobalSection(SolutionConfigurationPlatforms) = preSolution
		Debug|Any CPU = Debug|Any CPU
		Release|Any CPU = Release|Any CPU
	EndGlobalSection
	GlobalSection(ProjectConfigurationPlatforms) = postSolution
		{46D05A75-F7C4-4908-BCF3-E264C61E4F40}.Debug|Any CPU.ActiveCfg = Debug|Any CPU
		{46D05A75-F7C4-4908-BCF3-E264C61E4F40}.Debug|Any CPU.Build.0 = Debug|Any CPU
		{46D05A75-F7C4-4908-BCF3-E264C61E4F40}.Release|Any CPU.ActiveCfg = Release|Any CPU
		{46D05A75-F7C4-4908-BCF3-E264C61E4F40}.Release|Any CPU.Build.0 = Release|Any CPU
	EndGlobalSection
	GlobalSection(SolutionProperties) = preSolution
		HideSolutionNode = FALSE
	EndGlobalSection
	GlobalSection(ExtensibilityGlobals) = postSolution
		SolutionGuid = {84F24082-B246-474E-9B4C-19F2776A4FF4}
	EndGlobalSection
EndGlobal
